
Microsoft Visual Studio Solution File, Format Version 12.00
# Visual Studio Version 16
VisualStudioVersion = 16.0.32901.82
MinimumVisualStudioVersion = 10.0.40219.1
Project("{FAE04EC0-301F-11D3-BF4B-00C04F79EFBC}") = "Tema2-CaracteresLimitados", "Tema2-CaracteresLimitados\Tema2-CaracteresLimitados.csproj", "{360B4FB7-DF6E-4B71-94CD-13759D589689}"
EndProject
Global
	GlobalSection(SolutionConfigurationPlatforms) = preSolution
		Debug|Any CPU = Debug|Any CPU
		Release|Any CPU = Release|Any CPU
	EndGlobalSection
	GlobalSection(ProjectConfigurationPlatforms) = postSolution
		{360B4FB7-DF6E-4B71-94CD-13759D589689}.Debug|Any CPU.ActiveCfg = Debug|Any CPU
		{360B4FB7-DF6E-4B71-94CD-13759D589689}.Debug|Any CPU.Build.0 = Debug|Any CPU
		{360B4FB7-DF6E-4B71-94CD-13759D589689}.Release|Any CPU.ActiveCfg = Release|Any CPU
		{360B4FB7-DF6E-4B71-94CD-13759D589689}.Release|Any CPU.Build.0 = Release|Any CPU
	EndGlobalSection
	GlobalSection(SolutionProperties) = preSolution
		HideSolutionNode = FALSE
	EndGlobalSection
	GlobalSection(ExtensibilityGlobals) = postSolution
		SolutionGuid = {8B963601-8BDD-47CB-BA0E-6BCB80440DED}
	EndGlobalSection
EndGlobal
